
Microsoft Visual Studio Solution File, Format Version 12.00
# Visual Studio Version 17
VisualStudioVersion = 17.6.33829.357
MinimumVisualStudioVersion = 10.0.40219.1
Project("{FAE04EC0-301F-11D3-BF4B-00C04F79EFBC}") = "OnlineLib", "OnlineLib\OnlineLib.csproj", "{5F42AF2E-42DA-45D9-B1F2-59C4AA7ABC74}"
EndProject
Global
	GlobalSection(SolutionConfigurationPlatforms) = preSolution
		Debug|Any CPU = Debug|Any CPU
		Release|Any CPU = Release|Any CPU
	EndGlobalSection
	GlobalSection(ProjectConfigurationPlatforms) = postSolution
		{5F42AF2E-42DA-45D9-B1F2-59C4AA7ABC74}.Debug|Any CPU.ActiveCfg = Debug|Any CPU
		{5F42AF2E-42DA-45D9-B1F2-59C4AA7ABC74}.Debug|Any CPU.Build.0 = Debug|Any CPU
		{5F42AF2E-42DA-45D9-B1F2-59C4AA7ABC74}.Release|Any CPU.ActiveCfg = Release|Any CPU
		{5F42AF2E-42DA-45D9-B1F2-59C4AA7ABC74}.Release|Any CPU.Build.0 = Release|Any CPU
	EndGlobalSection
	GlobalSection(SolutionProperties) = preSolution
		HideSolutionNode = FALSE
	EndGlobalSection
	GlobalSection(ExtensibilityGlobals) = postSolution
		SolutionGuid = {A5EF01A4-9F19-42AE-AF5D-318280FC84CD}
	EndGlobalSection
EndGlobal
